
Microsoft Visual Studio Solution File, Format Version 12.00
# Visual Studio Version 17
VisualStudioVersion = 17.4.33205.214
MinimumVisualStudioVersion = 10.0.40219.1
Project("{FAE04EC0-301F-11D3-BF4B-00C04F79EFBC}") = "VS_Practical", "VS_Practical\VS_Practical.csproj", "{8C5A331F-350E-4964-9AE3-81E43FE2D3FB}"
EndProject
Global
	GlobalSection(SolutionConfigurationPlatforms) = preSolution
		Debug|Any CPU = Debug|Any CPU
		Release|Any CPU = Release|Any CPU
	EndGlobalSection
	GlobalSection(ProjectConfigurationPlatforms) = postSolution
		{8C5A331F-350E-4964-9AE3-81E43FE2D3FB}.Debug|Any CPU.ActiveCfg = Debug|Any CPU
		{8C5A331F-350E-4964-9AE3-81E43FE2D3FB}.Debug|Any CPU.Build.0 = Debug|Any CPU
		{8C5A331F-350E-4964-9AE3-81E43FE2D3FB}.Release|Any CPU.ActiveCfg = Release|Any CPU
		{8C5A331F-350E-4964-9AE3-81E43FE2D3FB}.Release|Any CPU.Build.0 = Release|Any CPU
	EndGlobalSection
	GlobalSection(SolutionProperties) = preSolution
		HideSolutionNode = FALSE
	EndGlobalSection
	GlobalSection(ExtensibilityGlobals) = postSolution
		SolutionGuid = {75C07133-2BB1-4938-A2BB-E5D4D5753A9E}
	EndGlobalSection
EndGlobal
